// !$*UTF8*$!
{
	archiveVersion = 1;
	classes = {
	};
	objectVersion = 46;
	objects = {

/* Begin PBXBuildFile section */
		2823E96B198278E5004D5D09 /* main.m in Sources */ = {isa = PBXBuildFile; fileRef = 2823E96A198278E5004D5D09 /* main.m */; };
		2823E96E198278E5004D5D09 /* AppDelegate.m in Sources */ = {isa = PBXBuildFile; fileRef = 2823E96D198278E5004D5D09 /* AppDelegate.m */; };
		2823E976198278E5004D5D09 /* Images.xcassets in Resources */ = {isa = PBXBuildFile; fileRef = 2823E975198278E5004D5D09 /* Images.xcassets */; };
		2823E982198278E6004D5D09 /* DictionaryObjcTests.m in Sources */ = {isa = PBXBuildFile; fileRef = 2823E981198278E6004D5D09 /* DictionaryObjcTests.m */; };
		2823E9C019827992004D5D09 /* data.json in Resources */ = {isa = PBXBuildFile; fileRef = 2823E9BF19827992004D5D09 /* data.json */; };
/* End PBXBuildFile section */

/* Begin PBXContainerItemProxy section */
		2823E97C198278E6004D5D09 /* PBXContainerItemProxy */ = {
			isa = PBXContainerItemProxy;
			containerPortal = 2823E95D198278E5004D5D09 /* Project object */;
			proxyType = 1;
			remoteGlobalIDString = 2823E964198278E5004D5D09;
			remoteInfo = DictionaryObjc;
		};
/* End PBXContainerItemProxy section */

/* Begin PBXFileReference section */
		2823E965198278E5004D5D09 /* DictionaryObjc.app */ = {isa = PBXFileReference; explicitFileType = wrapper.application; includeInIndex = 0; path = DictionaryObjc.app; sourceTree = BUILT_PRODUCTS_DIR; };
		2823E969198278E5004D5D09 /* Info.plist */ = {isa = PBXFileReference; lastKnownFileType = text.plist.xml; path = Info.plist; sourceTree = "<group>"; };
		2823E96A198278E5004D5D09 /* main.m */ = {isa = PBXFileReference; lastKnownFileType = sourcecode.c.objc; path = main.m; sourceTree = "<group>"; };
		2823E96C198278E5004D5D09 /* AppDelegate.h */ = {isa = PBXFileReference; lastKnownFileType = sourcecode.c.h; path = AppDelegate.h; sourceTree = "<group>"; };
		2823E96D198278E5004D5D09 /* AppDelegate.m */ = {isa = PBXFileReference; lastKnownFileType = sourcecode.c.objc; path = AppDelegate.m; sourceTree = "<group>"; };
		2823E975198278E5004D5D09 /* Images.xcassets */ = {isa = PBXFileReference; lastKnownFileType = folder.assetcatalog; path = Images.xcassets; sourceTree = "<group>"; };
		2823E97B198278E6004D5D09 /* DictionaryObjcTests.xctest */ = {isa = PBXFileReference; explicitFileType = wrapper.cfbundle; includeInIndex = 0; path = DictionaryObjcTests.xctest; sourceTree = BUILT_PRODUCTS_DIR; };
		2823E980198278E6004D5D09 /* Info.plist */ = {isa = PBXFileReference; lastKnownFileType = text.plist.xml; path = Info.plist; sourceTree = "<group>"; };
		2823E981198278E6004D5D09 /* DictionaryObjcTests.m */ = {isa = PBXFileReference; lastKnownFileType = sourcecode.c.objc; path = DictionaryObjcTests.m; sourceTree = "<group>"; };
		2823E9BF19827992004D5D09 /* data.json */ = {isa = PBXFileReference; fileEncoding = 4; lastKnownFileType = text.json; path = data.json; sourceTree = "<group>"; };
/* End PBXFileReference section */

/* Begin PBXFrameworksBuildPhase section */
		2823E962198278E5004D5D09 /* Frameworks */ = {
			isa = PBXFrameworksBuildPhase;
			buildActionMask = 2147483647;
			files = (
			);
			runOnlyForDeploymentPostprocessing = 0;
		};
		2823E978198278E6004D5D09 /* Frameworks */ = {
			isa = PBXFrameworksBuildPhase;
			buildActionMask = 2147483647;
			files = (
			);
			runOnlyForDeploymentPostprocessing = 0;
		};
/* End PBXFrameworksBuildPhase section */

/* Begin PBXGroup section */
		2823E95C198278E5004D5D09 = {
			isa = PBXGroup;
			children = (
				2823E967198278E5004D5D09 /* DictionaryObjc */,
				2823E97E198278E6004D5D09 /* DictionaryObjcTests */,
				2823E966198278E5004D5D09 /* Products */,
			);
			sourceTree = "<group>";
		};
		2823E966198278E5004D5D09 /* Products */ = {
			isa = PBXGroup;
			children = (
				2823E965198278E5004D5D09 /* DictionaryObjc.app */,
				2823E97B198278E6004D5D09 /* DictionaryObjcTests.xctest */,
			);
			name = Products;
			sourceTree = "<group>";
		};
		2823E967198278E5004D5D09 /* DictionaryObjc */ = {
			isa = PBXGroup;
			children = (
				2823E96C198278E5004D5D09 /* AppDelegate.h */,
				2823E96D198278E5004D5D09 /* AppDelegate.m */,
				2823E975198278E5004D5D09 /* Images.xcassets */,
				2823E968198278E5004D5D09 /* Supporting Files */,
				2823E9BF19827992004D5D09 /* data.json */,
			);
			path = DictionaryObjc;
			sourceTree = "<group>";
		};
		2823E968198278E5004D5D09 /* Supporting Files */ = {
			isa = PBXGroup;
			children = (
				2823E969198278E5004D5D09 /* Info.plist */,
				2823E96A198278E5004D5D09 /* main.m */,
			);
			name = "Supporting Files";
			sourceTree = "<group>";
		};
		2823E97E198278E6004D5D09 /* DictionaryObjcTests */ = {
			isa = PBXGroup;
			children = (
				2823E981198278E6004D5D09 /* DictionaryObjcTests.m */,
				2823E97F198278E6004D5D09 /* Supporting Files */,
			);
			path = DictionaryObjcTests;
			sourceTree = "<group>";
		};
		2823E97F198278E6004D5D09 /* Supporting Files */ = {
			isa = PBXGroup;
			children = (
				2823E980198278E6004D5D09 /* Info.plist */,
			);
			name = "Supporting Files";
			sourceTree = "<group>";
		};
/* End PBXGroup section */

/* Begin PBXNativeTarget section */
		2823E964198278E5004D5D09 /* DictionaryObjc */ = {
			isa = PBXNativeTarget;
			buildConfigurationList = 2823E985198278E6004D5D09 /* Build configuration list for PBXNativeTarget "DictionaryObjc" */;
			buildPhases = (
				2823E961198278E5004D5D09 /* Sources */,
				2823E962198278E5004D5D09 /* Frameworks */,
				2823E963198278E5004D5D09 /* Resources */,
			);
			buildRules = (
			);
			dependencies = (
			);
			name = DictionaryObjc;
			productName = DictionaryObjc;
			productReference = 2823E965198278E5004D5D09 /* DictionaryObjc.app */;
			productType = "com.apple.product-type.application";
		};
		2823E97A198278E6004D5D09 /* DictionaryObjcTests */ = {
			isa = PBXNativeTarget;
			buildConfigurationList = 2823E988198278E6004D5D09 /* Build configuration list for PBXNativeTarget "DictionaryObjcTests" */;
			buildPhases = (
				2823E977198278E6004D5D09 /* Sources */,
				2823E978198278E6004D5D09 /* Frameworks */,
				2823E979198278E6004D5D09 /* Resources */,
			);
			buildRules = (
			);
			dependencies = (
				2823E97D198278E6004D5D09 /* PBXTargetDependency */,
			);
			name = DictionaryObjcTests;
			productName = DictionaryObjcTests;
			productReference = 2823E97B198278E6004D5D09 /* DictionaryObjcTests.xctest */;
			productType = "com.apple.product-type.bundle.unit-test";
		};
/* End PBXNativeTarget section */

/* Begin PBXProject section */
		2823E95D198278E5004D5D09 /* Project object */ = {
			isa = PBXProject;
			attributes = {
				LastUpgradeCheck = 0600;
				ORGANIZATIONNAME = ustwo;
				TargetAttributes = {
					2823E964198278E5004D5D09 = {
						CreatedOnToolsVersion = 6.0;
					};
					2823E97A198278E6004D5D09 = {
						CreatedOnToolsVersion = 6.0;
						TestTargetID = 2823E964198278E5004D5D09;
					};
				};
			};
			buildConfigurationList = 2823E960198278E5004D5D09 /* Build configuration list for PBXProject "DictionaryObjc" */;
			compatibilityVersion = "Xcode 3.2";
			developmentRegion = English;
			hasScannedForEncodings = 0;
			knownRegions = (
				en,
				Base,
			);
			mainGroup = 2823E95C198278E5004D5D09;
			productRefGroup = 2823E966198278E5004D5D09 /* Products */;
			projectDirPath = "";
			projectRoot = "";
			targets = (
				2823E964198278E5004D5D09 /* DictionaryObjc */,
				2823E97A198278E6004D5D09 /* DictionaryObjcTests */,
			);
		};
/* End PBXProject section */

/* Begin PBXResourcesBuildPhase section */
		2823E963198278E5004D5D09 /* Resources */ = {
			isa = PBXResourcesBuildPhase;
			buildActionMask = 2147483647;
			files = (
				2823E9C019827992004D5D09 /* data.json in Resources */,
				2823E976198278E5004D5D09 /* Images.xcassets in Resources */,
			);
			runOnlyForDeploymentPostprocessing = 0;
		};
		2823E979198278E6004D5D09 /* Resources */ = {
			isa = PBXResourcesBuildPhase;
			buildActionMask = 2147483647;
			files = (
			);
			runOnlyForDeploymentPostprocessing = 0;
		};
/* End PBXResourcesBuildPhase section */

/* Begin PBXSourcesBuildPhase section */
		2823E961198278E5004D5D09 /* Sources */ = {
			isa = PBXSourcesBuildPhase;
			buildActionMask = 2147483647;
			files = (
				2823E96E198278E5004D5D09 /* AppDelegate.m in Sources */,
				2823E96B198278E5004D5D09 /* main.m in Sources */,
			);
			runOnlyForDeploymentPostprocessing = 0;
		};
		2823E977198278E6004D5D09 /* Sources */ = {
			isa = PBXSourcesBuildPhase;
			buildActionMask = 2147483647;
			files = (
				2823E982198278E6004D5D09 /* DictionaryObjcTests.m in Sources */,
			);
			runOnlyForDeploymentPostprocessing = 0;
		};
/* End PBXSourcesBuildPhase section */

/* Begin PBXTargetDependency section */
		2823E97D198278E6004D5D09 /* PBXTargetDependency */ = {
			isa = PBXTargetDependency;
			target = 2823E964198278E5004D5D09 /* DictionaryObjc */;
			targetProxy = 2823E97C198278E6004D5D09 /* PBXContainerItemProxy */;
		};
/* End PBXTargetDependency section */

/* Begin XCBuildConfiguration section */
		2823E983198278E6004D5D09 /* Debug */ = {
			isa = XCBuildConfiguration;
			buildSettings = {
				ALWAYS_SEARCH_USER_PATHS = NO;
				CLANG_CXX_LANGUAGE_STANDARD = "gnu++0x";
				CLANG_CXX_LIBRARY = "libc++";
				CLANG_ENABLE_MODULES = YES;
				CLANG_ENABLE_OBJC_ARC = YES;
				CLANG_WARN_BOOL_CONVERSION = YES;
				CLANG_WARN_CONSTANT_CONVERSION = YES;
				CLANG_WARN_DIRECT_OBJC_ISA_USAGE = YES_ERROR;
				CLANG_WARN_EMPTY_BODY = YES;
				CLANG_WARN_ENUM_CONVERSION = YES;
				CLANG_WARN_INT_CONVERSION = YES;
				CLANG_WARN_OBJC_ROOT_CLASS = YES_ERROR;
				CLANG_WARN_UNREACHABLE_CODE = YES;
				CLANG_WARN__DUPLICATE_METHOD_MATCH = YES;
				"CODE_SIGN_IDENTITY[sdk=iphoneos*]" = "iPhone Developer";
				COPY_PHASE_STRIP = NO;
				ENABLE_STRICT_OBJC_MSGSEND = YES;
				GCC_C_LANGUAGE_STANDARD = gnu99;
				GCC_DYNAMIC_NO_PIC = NO;
				GCC_OPTIMIZATION_LEVEL = 0;
				GCC_PREPROCESSOR_DEFINITIONS = (
					"DEBUG=1",
					"$(inherited)",
				);
				GCC_SYMBOLS_PRIVATE_EXTERN = NO;
				GCC_WARN_64_TO_32_BIT_CONVERSION = YES;
				GCC_WARN_ABOUT_RETURN_TYPE = YES_ERROR;
				GCC_WARN_UNDECLARED_SELECTOR = YES;
				GCC_WARN_UNINITIALIZED_AUTOS = YES_AGGRESSIVE;
				GCC_WARN_UNUSED_FUNCTION = YES;
				GCC_WARN_UNUSED_VARIABLE = YES;
				IPHONEOS_DEPLOYMENT_TARGET = 8.0;
				MTL_ENABLE_DEBUG_INFO = YES;
				ONLY_ACTIVE_ARCH = YES;
				SDKROOT = iphoneos;
			};
			name = Debug;
		};
		2823E984198278E6004D5D09 /* Release */ = {
			isa = XCBuildConfiguration;
			buildSettings = {
				ALWAYS_SEARCH_USER_PATHS = NO;
				CLANG_CXX_LANGUAGE_STANDARD = "gnu++0x";
				CLANG_CXX_LIBRARY = "libc++";
				CLANG_ENABLE_MODULES = YES;
				CLANG_ENABLE_OBJC_ARC = YES;
				CLANG_WARN_BOOL_CONVERSION = YES;
				CLANG_WARN_CONSTANT_CONVERSION = YES;
				CLANG_WARN_DIRECT_OBJC_ISA_USAGE = YES_ERROR;
				CLANG_WARN_EMPTY_BODY = YES;
				CLANG_WARN_ENUM_CONVERSION = YES;
				CLANG_WARN_INT_CONVERSION = YES;
				CLANG_WARN_OBJC_ROOT_CLASS = YES_ERROR;
				CLANG_WARN_UNREACHABLE_CODE = YES;
				CLANG_WARN__DUPLICATE_METHOD_MATCH = YES;
				"CODE_SIGN_IDENTITY[sdk=iphoneos*]" = "iPhone Developer";
				COPY_PHASE_STRIP = YES;
				ENABLE_NS_ASSERTIONS = NO;
				ENABLE_STRICT_OBJC_MSGSEND = YES;
				GCC_C_LANGUAGE_STANDARD = gnu99;
				GCC_WARN_64_TO_32_BIT_CONVERSION = YES;
				GCC_WARN_ABOUT_RETURN_TYPE = YES_ERROR;
				GCC_WARN_UNDECLARED_SELECTOR = YES;
				GCC_WARN_UNINITIALIZED_AUTOS = YES_AGGRESSIVE;
				GCC_WARN_UNUSED_FUNCTION = YES;
				GCC_WARN_UNUSED_VARIABLE = YES;
				IPHONEOS_DEPLOYMENT_TARGET = 8.0;
				MTL_ENABLE_DEBUG_INFO = NO;
				SDKROOT = iphoneos;
				VALIDATE_PRODUCT = YES;
			};
			name = Release;
		};
		2823E986198278E6004D5D09 /* Debug */ = {
			isa = XCBuildConfiguration;
			buildSettings = {
				ASSETCATALOG_COMPILER_APPICON_NAME = AppIcon;
				ASSETCATALOG_COMPILER_LAUNCHIMAGE_NAME = LaunchImage;
				INFOPLIST_FILE = DictionaryObjc/Info.plist;
				LD_RUNPATH_SEARCH_PATHS = "$(inherited) @executable_path/Frameworks";
				PRODUCT_NAME = "$(TARGET_NAME)";
			};
			name = Debug;
		};
		2823E987198278E6004D5D09 /* Release */ = {
			isa = XCBuildConfiguration;
			buildSettings = {
				ASSETCATALOG_COMPILER_APPICON_NAME = AppIcon;
				ASSETCATALOG_COMPILER_LAUNCHIMAGE_NAME = LaunchImage;
				INFOPLIST_FILE = DictionaryObjc/Info.plist;
				LD_RUNPATH_SEARCH_PATHS = "$(inherited) @executable_path/Frameworks";
				PRODUCT_NAME = "$(TARGET_NAME)";
			};
			name = Release;
		};
		2823E989198278E6004D5D09 /* Debug */ = {
			isa = XCBuildConfiguration;
			buildSettings = {
				BUNDLE_LOADER = "$(BUILT_PRODUCTS_DIR)/DictionaryObjc.app/DictionaryObjc";
				FRAMEWORK_SEARCH_PATHS = (
					"$(SDKROOT)/Developer/Library/Frameworks",
					"$(inherited)",
				);
				GCC_PREPROCESSOR_DEFINITIONS = (
					"DEBUG=1",
					"$(inherited)",
				);
				INFOPLIST_FILE = DictionaryObjcTests/Info.plist;
				LD_RUNPATH_SEARCH_PATHS = "$(inherited) @executable_path/Frameworks @loader_path/Frameworks";
				PRODUCT_NAME = "$(TARGET_NAME)";
				TEST_HOST = "$(BUNDLE_LOADER)";
			};
			name = Debug;
		};
		2823E98A198278E6004D5D09 /* Release */ = {
			isa = XCBuildConfiguration;
			buildSettings = {
				BUNDLE_LOADER = "$(BUILT_PRODUCTS_DIR)/DictionaryObjc.app/DictionaryObjc";
				FRAMEWORK_SEARCH_PATHS = (
					"$(SDKROOT)/Developer/Library/Frameworks",
					"$(inherited)",
				);
				INFOPLIST_FILE = DictionaryObjcTests/Info.plist;
				LD_RUNPATH_SEARCH_PATHS = "$(inherited) @executable_path/Frameworks @loader_path/Frameworks";
				PRODUCT_NAME = "$(TARGET_NAME)";
				TEST_HOST = "$(BUNDLE_LOADER)";
			};
			name = Release;
		};
/* End XCBuildConfiguration section */

/* Begin XCConfigurationList section */
		2823E960198278E5004D5D09 /* Build configuration list for PBXProject "DictionaryObjc" */ = {
			isa = XCConfigurationList;
			buildConfigurations = (
				2823E983198278E6004D5D09 /* Debug */,
				2823E984198278E6004D5D09 /* Release */,
			);
			defaultConfigurationIsVisible = 0;
			defaultConfigurationName = Release;
		};
		2823E985198278E6004D5D09 /* Build configuration list for PBXNativeTarget "DictionaryObjc" */ = {
			isa = XCConfigurationList;
			buildConfigurations = (
				2823E986198278E6004D5D09 /* Debug */,
				2823E987198278E6004D5D09 /* Release */,
			);
			defaultConfigurationIsVisible = 0;
			defaultConfigurationName = Release;
		};
		2823E988198278E6004D5D09 /* Build configuration list for PBXNativeTarget "DictionaryObjcTests" */ = {
			isa = XCConfigurationList;
			buildConfigurations = (
				2823E989198278E6004D5D09 /* Debug */,
				2823E98A198278E6004D5D09 /* Release */,
			);
			defaultConfigurationIsVisible = 0;
			defaultConfigurationName = Release;
		};
/* End XCConfigurationList section */
	};
	rootObject = 2823E95D198278E5004D5D09 /* Project object */;
}
